// !$*UTF8*$!
{
	archiveVersion = 1;
	classes = {
	};
	objectVersion = 55;
	objects = {

/* Begin PBXBuildFile section */
		BB57E355DACFDEAE4C0C41A4 /* Pods_TinderApp.framework in Frameworks */ = {isa = PBXBuildFile; fileRef = 30C2FA58E1AF607A56504D11 /* Pods_TinderApp.framework */; };
		FB0076F62A9BF5F400B61C5E /* AuthButton.swift in Sources */ = {isa = PBXBuildFile; fileRef = FB0076F52A9BF5F400B61C5E /* AuthButton.swift */; };
		FB0076F82A9BF6E500B61C5E /* RegisterController.swift in Sources */ = {isa = PBXBuildFile; fileRef = FB0076F72A9BF6E500B61C5E /* RegisterController.swift */; };
		FB0076FC2A9BFD0900B61C5E /* AuthViewModel.swift in Sources */ = {isa = PBXBuildFile; fileRef = FB0076FB2A9BFD0900B61C5E /* AuthViewModel.swift */; };
		FB08841F2AA36F8200CA012E /* SettingsViewController.swift in Sources */ = {isa = PBXBuildFile; fileRef = FB08841E2AA36F8200CA012E /* SettingsViewController.swift */; };
		FB0884212AA377B400CA012E /* SettingsHeader.swift in Sources */ = {isa = PBXBuildFile; fileRef = FB0884202AA377B400CA012E /* SettingsHeader.swift */; };
		FB0884232AA3A95A00CA012E /* SettingsCell.swift in Sources */ = {isa = PBXBuildFile; fileRef = FB0884222AA3A95A00CA012E /* SettingsCell.swift */; };
		FB0884252AA3A9DC00CA012E /* SettingsViewModel.swift in Sources */ = {isa = PBXBuildFile; fileRef = FB0884242AA3A9DC00CA012E /* SettingsViewModel.swift */; };
		FB15E0252AA26EFC00E30BE7 /* GoogleService-Info.plist in Resources */ = {isa = PBXBuildFile; fileRef = FB15E0242AA26EFC00E30BE7 /* GoogleService-Info.plist */; };
		FB15E0272AA2791100E30BE7 /* AuthService.swift in Sources */ = {isa = PBXBuildFile; fileRef = FB15E0262AA2791100E30BE7 /* AuthService.swift */; };
		FB15E0292AA2791900E30BE7 /* Service.swift in Sources */ = {isa = PBXBuildFile; fileRef = FB15E0282AA2791900E30BE7 /* Service.swift */; };
		FB15E02B2AA2971200E30BE7 /* Constants.swift in Sources */ = {isa = PBXBuildFile; fileRef = FB15E02A2AA2971200E30BE7 /* Constants.swift */; };
		FB66DA152A8364E000F8A801 /* AppDelegate.swift in Sources */ = {isa = PBXBuildFile; fileRef = FB66DA142A8364E000F8A801 /* AppDelegate.swift */; };
		FB66DA172A8364E000F8A801 /* SceneDelegate.swift in Sources */ = {isa = PBXBuildFile; fileRef = FB66DA162A8364E000F8A801 /* SceneDelegate.swift */; };
		FB66DA1C2A8364E000F8A801 /* Main.storyboard in Resources */ = {isa = PBXBuildFile; fileRef = FB66DA1A2A8364E000F8A801 /* Main.storyboard */; };
		FB66DA212A8364E100F8A801 /* LaunchScreen.storyboard in Resources */ = {isa = PBXBuildFile; fileRef = FB66DA1F2A8364E100F8A801 /* LaunchScreen.storyboard */; };
		FB66DA302A836C0800F8A801 /* HomeController.swift in Sources */ = {isa = PBXBuildFile; fileRef = FB66DA2F2A836C0800F8A801 /* HomeController.swift */; };
		FB66DA342A836DB400F8A801 /* Assets.xcassets in Resources */ = {isa = PBXBuildFile; fileRef = FB66DA332A836DB400F8A801 /* Assets.xcassets */; };
		FB66DA362A836E0B00F8A801 /* Extensions.swift in Sources */ = {isa = PBXBuildFile; fileRef = FB66DA352A836E0B00F8A801 /* Extensions.swift */; };
		FB66DA392A836E2F00F8A801 /* JGProgressHUD in Frameworks */ = {isa = PBXBuildFile; productRef = FB66DA382A836E2F00F8A801 /* JGProgressHUD */; };
		FB66DA3B2A836E8200F8A801 /* HomeNavStackView.swift in Sources */ = {isa = PBXBuildFile; fileRef = FB66DA3A2A836E8200F8A801 /* HomeNavStackView.swift */; };
		FB66DA3D2A83729400F8A801 /* BottomControlsStackView.swift in Sources */ = {isa = PBXBuildFile; fileRef = FB66DA3C2A83729400F8A801 /* BottomControlsStackView.swift */; };
		FB66DA3F2A83790B00F8A801 /* CardView.swift in Sources */ = {isa = PBXBuildFile; fileRef = FB66DA3E2A83790B00F8A801 /* CardView.swift */; };
		FB77A4312A98D4A100510A8D /* User.swift in Sources */ = {isa = PBXBuildFile; fileRef = FB77A4302A98D4A100510A8D /* User.swift */; };
		FB77A4332A98D5E700510A8D /* CardViewModel.swift in Sources */ = {isa = PBXBuildFile; fileRef = FB77A4322A98D5E700510A8D /* CardViewModel.swift */; };
		FB77A4362A98F04B00510A8D /* LoginController.swift in Sources */ = {isa = PBXBuildFile; fileRef = FB77A4352A98F04B00510A8D /* LoginController.swift */; };
		FB77A4382A98F0A700510A8D /* CustomTextField.swift in Sources */ = {isa = PBXBuildFile; fileRef = FB77A4372A98F0A700510A8D /* CustomTextField.swift */; };
/* End PBXBuildFile section */

/* Begin PBXFileReference section */
		30C2FA58E1AF607A56504D11 /* Pods_TinderApp.framework */ = {isa = PBXFileReference; explicitFileType = wrapper.framework; includeInIndex = 0; path = Pods_TinderApp.framework; sourceTree = BUILT_PRODUCTS_DIR; };
		D0C0132147F5354771268835 /* Pods-TinderApp.release.xcconfig */ = {isa = PBXFileReference; includeInIndex = 1; lastKnownFileType = text.xcconfig; name = "Pods-TinderApp.release.xcconfig"; path = "Target Support Files/Pods-TinderApp/Pods-TinderApp.release.xcconfig"; sourceTree = "<group>"; };
		E377D1CD1894C87126F3DFAA /* Pods-TinderApp.debug.xcconfig */ = {isa = PBXFileReference; includeInIndex = 1; lastKnownFileType = text.xcconfig; name = "Pods-TinderApp.debug.xcconfig"; path = "Target Support Files/Pods-TinderApp/Pods-TinderApp.debug.xcconfig"; sourceTree = "<group>"; };
		FB0076F52A9BF5F400B61C5E /* AuthButton.swift */ = {isa = PBXFileReference; lastKnownFileType = sourcecode.swift; path = AuthButton.swift; sourceTree = "<group>"; };
		FB0076F72A9BF6E500B61C5E /* RegisterController.swift */ = {isa = PBXFileReference; lastKnownFileType = sourcecode.swift; path = RegisterController.swift; sourceTree = "<group>"; };
		FB0076FB2A9BFD0900B61C5E /* AuthViewModel.swift */ = {isa = PBXFileReference; lastKnownFileType = sourcecode.swift; path = AuthViewModel.swift; sourceTree = "<group>"; };
		FB08841E2AA36F8200CA012E /* SettingsViewController.swift */ = {isa = PBXFileReference; lastKnownFileType = sourcecode.swift; path = SettingsViewController.swift; sourceTree = "<group>"; };
		FB0884202AA377B400CA012E /* SettingsHeader.swift */ = {isa = PBXFileReference; lastKnownFileType = sourcecode.swift; path = SettingsHeader.swift; sourceTree = "<group>"; };
		FB0884222AA3A95A00CA012E /* SettingsCell.swift */ = {isa = PBXFileReference; lastKnownFileType = sourcecode.swift; path = SettingsCell.swift; sourceTree = "<group>"; };
		FB0884242AA3A9DC00CA012E /* SettingsViewModel.swift */ = {isa = PBXFileReference; lastKnownFileType = sourcecode.swift; path = SettingsViewModel.swift; sourceTree = "<group>"; };
		FB15E0242AA26EFC00E30BE7 /* GoogleService-Info.plist */ = {isa = PBXFileReference; fileEncoding = 4; lastKnownFileType = text.plist.xml; path = "GoogleService-Info.plist"; sourceTree = "<group>"; };
		FB15E0262AA2791100E30BE7 /* AuthService.swift */ = {isa = PBXFileReference; lastKnownFileType = sourcecode.swift; path = AuthService.swift; sourceTree = "<group>"; };
		FB15E0282AA2791900E30BE7 /* Service.swift */ = {isa = PBXFileReference; lastKnownFileType = sourcecode.swift; path = Service.swift; sourceTree = "<group>"; };
		FB15E02A2AA2971200E30BE7 /* Constants.swift */ = {isa = PBXFileReference; lastKnownFileType = sourcecode.swift; path = Constants.swift; sourceTree = "<group>"; };
		FB66DA112A8364E000F8A801 /* TinderApp.app */ = {isa = PBXFileReference; explicitFileType = wrapper.application; includeInIndex = 0; path = TinderApp.app; sourceTree = BUILT_PRODUCTS_DIR; };
		FB66DA142A8364E000F8A801 /* AppDelegate.swift */ = {isa = PBXFileReference; lastKnownFileType = sourcecode.swift; path = AppDelegate.swift; sourceTree = "<group>"; };
		FB66DA162A8364E000F8A801 /* SceneDelegate.swift */ = {isa = PBXFileReference; lastKnownFileType = sourcecode.swift; path = SceneDelegate.swift; sourceTree = "<group>"; };
		FB66DA1B2A8364E000F8A801 /* Base */ = {isa = PBXFileReference; lastKnownFileType = file.storyboard; name = Base; path = Base.lproj/Main.storyboard; sourceTree = "<group>"; };
		FB66DA202A8364E100F8A801 /* Base */ = {isa = PBXFileReference; lastKnownFileType = file.storyboard; name = Base; path = Base.lproj/LaunchScreen.storyboard; sourceTree = "<group>"; };
		FB66DA222A8364E100F8A801 /* Info.plist */ = {isa = PBXFileReference; lastKnownFileType = text.plist.xml; path = Info.plist; sourceTree = "<group>"; };
		FB66DA2F2A836C0800F8A801 /* HomeController.swift */ = {isa = PBXFileReference; lastKnownFileType = sourcecode.swift; path = HomeController.swift; sourceTree = "<group>"; };
		FB66DA332A836DB400F8A801 /* Assets.xcassets */ = {isa = PBXFileReference; lastKnownFileType = folder.assetcatalog; name = Assets.xcassets; path = ../../../../Downloads/Assets.xcassets; sourceTree = "<group>"; };
		FB66DA352A836E0B00F8A801 /* Extensions.swift */ = {isa = PBXFileReference; fileEncoding = 4; lastKnownFileType = sourcecode.swift; path = Extensions.swift; sourceTree = "<group>"; };
		FB66DA3A2A836E8200F8A801 /* HomeNavStackView.swift */ = {isa = PBXFileReference; lastKnownFileType = sourcecode.swift; path = HomeNavStackView.swift; sourceTree = "<group>"; };
		FB66DA3C2A83729400F8A801 /* BottomControlsStackView.swift */ = {isa = PBXFileReference; lastKnownFileType = sourcecode.swift; path = BottomControlsStackView.swift; sourceTree = "<group>"; };
		FB66DA3E2A83790B00F8A801 /* CardView.swift */ = {isa = PBXFileReference; lastKnownFileType = sourcecode.swift; path = CardView.swift; sourceTree = "<group>"; };
		FB77A4302A98D4A100510A8D /* User.swift */ = {isa = PBXFileReference; lastKnownFileType = sourcecode.swift; path = User.swift; sourceTree = "<group>"; };
		FB77A4322A98D5E700510A8D /* CardViewModel.swift */ = {isa = PBXFileReference; lastKnownFileType = sourcecode.swift; path = CardViewModel.swift; sourceTree = "<group>"; };
		FB77A4352A98F04B00510A8D /* LoginController.swift */ = {isa = PBXFileReference; lastKnownFileType = sourcecode.swift; path = LoginController.swift; sourceTree = "<group>"; };
		FB77A4372A98F0A700510A8D /* CustomTextField.swift */ = {isa = PBXFileReference; lastKnownFileType = sourcecode.swift; path = CustomTextField.swift; sourceTree = "<group>"; };
/* End PBXFileReference section */

/* Begin PBXFrameworksBuildPhase section */
		FB66DA0E2A8364E000F8A801 /* Frameworks */ = {
			isa = PBXFrameworksBuildPhase;
			buildActionMask = 2147483647;
			files = (
				FB66DA392A836E2F00F8A801 /* JGProgressHUD in Frameworks */,
				BB57E355DACFDEAE4C0C41A4 /* Pods_TinderApp.framework in Frameworks */,
			);
			runOnlyForDeploymentPostprocessing = 0;
		};
/* End PBXFrameworksBuildPhase section */

/* Begin PBXGroup section */
		BC3A873742A934D9357ADC49 /* Pods */ = {
			isa = PBXGroup;
			children = (
				E377D1CD1894C87126F3DFAA /* Pods-TinderApp.debug.xcconfig */,
				D0C0132147F5354771268835 /* Pods-TinderApp.release.xcconfig */,
			);
			path = Pods;
			sourceTree = "<group>";
		};
		FB66DA082A8364E000F8A801 = {
			isa = PBXGroup;
			children = (
				FB66DA132A8364E000F8A801 /* TinderApp */,
				FB66DA122A8364E000F8A801 /* Products */,
				BC3A873742A934D9357ADC49 /* Pods */,
				FF497FC45FEDF988C8E61A99 /* Frameworks */,
			);
			sourceTree = "<group>";
		};
		FB66DA122A8364E000F8A801 /* Products */ = {
			isa = PBXGroup;
			children = (
				FB66DA112A8364E000F8A801 /* TinderApp.app */,
			);
			name = Products;
			sourceTree = "<group>";
		};
		FB66DA132A8364E000F8A801 /* TinderApp */ = {
			isa = PBXGroup;
			children = (
				FB66DA2E2A836B9700F8A801 /* Model */,
				FB66DA2D2A836B9500F8A801 /* View */,
				FB66DA2C2A836B8300F8A801 /* ViewModel */,
				FB66DA2B2A836B8100F8A801 /* Controller */,
				FB66DA292A836B7000F8A801 /* API */,
				FB66DA282A836B6900F8A801 /* Utils */,
				FB66DA142A8364E000F8A801 /* AppDelegate.swift */,
				FB66DA162A8364E000F8A801 /* SceneDelegate.swift */,
				FB66DA1A2A8364E000F8A801 /* Main.storyboard */,
				FB66DA1F2A8364E100F8A801 /* LaunchScreen.storyboard */,
				FB66DA222A8364E100F8A801 /* Info.plist */,
				FB66DA332A836DB400F8A801 /* Assets.xcassets */,
				FB15E0242AA26EFC00E30BE7 /* GoogleService-Info.plist */,
			);
			path = TinderApp;
			sourceTree = "<group>";
		};
		FB66DA282A836B6900F8A801 /* Utils */ = {
			isa = PBXGroup;
			children = (
				FB66DA352A836E0B00F8A801 /* Extensions.swift */,
				FB77A4372A98F0A700510A8D /* CustomTextField.swift */,
				FB0076F52A9BF5F400B61C5E /* AuthButton.swift */,
				FB15E02A2AA2971200E30BE7 /* Constants.swift */,
			);
			path = Utils;
			sourceTree = "<group>";
		};
		FB66DA292A836B7000F8A801 /* API */ = {
			isa = PBXGroup;
			children = (
				FB15E0262AA2791100E30BE7 /* AuthService.swift */,
				FB15E0282AA2791900E30BE7 /* Service.swift */,
			);
			path = API;
			sourceTree = "<group>";
		};
		FB66DA2B2A836B8100F8A801 /* Controller */ = {
			isa = PBXGroup;
			children = (
				FB77A4342A98F02100510A8D /* Auth */,
				FB66DA2F2A836C0800F8A801 /* HomeController.swift */,
				FB08841E2AA36F8200CA012E /* SettingsViewController.swift */,
			);
			path = Controller;
			sourceTree = "<group>";
		};
		FB66DA2C2A836B8300F8A801 /* ViewModel */ = {
			isa = PBXGroup;
			children = (
				FB77A4322A98D5E700510A8D /* CardViewModel.swift */,
				FB0076FB2A9BFD0900B61C5E /* AuthViewModel.swift */,
				FB0884242AA3A9DC00CA012E /* SettingsViewModel.swift */,
			);
			path = ViewModel;
			sourceTree = "<group>";
		};
		FB66DA2D2A836B9500F8A801 /* View */ = {
			isa = PBXGroup;
			children = (
				FB66DA3A2A836E8200F8A801 /* HomeNavStackView.swift */,
				FB66DA3C2A83729400F8A801 /* BottomControlsStackView.swift */,
				FB66DA3E2A83790B00F8A801 /* CardView.swift */,
				FB0884202AA377B400CA012E /* SettingsHeader.swift */,
				FB0884222AA3A95A00CA012E /* SettingsCell.swift */,
			);
			path = View;
			sourceTree = "<group>";
		};
		FB66DA2E2A836B9700F8A801 /* Model */ = {
			isa = PBXGroup;
			children = (
				FB77A4302A98D4A100510A8D /* User.swift */,
			);
			path = Model;
			sourceTree = "<group>";
		};
		FB77A4342A98F02100510A8D /* Auth */ = {
			isa = PBXGroup;
			children = (
				FB77A4352A98F04B00510A8D /* LoginController.swift */,
				FB0076F72A9BF6E500B61C5E /* RegisterController.swift */,
			);
			path = Auth;
			sourceTree = "<group>";
		};
		FF497FC45FEDF988C8E61A99 /* Frameworks */ = {
			isa = PBXGroup;
			children = (
				30C2FA58E1AF607A56504D11 /* Pods_TinderApp.framework */,
			);
			name = Frameworks;
			sourceTree = "<group>";
		};
/* End PBXGroup section */

/* Begin PBXNativeTarget section */
		FB66DA102A8364E000F8A801 /* TinderApp */ = {
			isa = PBXNativeTarget;
			buildConfigurationList = FB66DA252A8364E100F8A801 /* Build configuration list for PBXNativeTarget "TinderApp" */;
			buildPhases = (
				717ADE369E58A7B599E089C4 /* [CP] Check Pods Manifest.lock */,
				FB66DA0D2A8364E000F8A801 /* Sources */,
				FB66DA0E2A8364E000F8A801 /* Frameworks */,
				FB66DA0F2A8364E000F8A801 /* Resources */,
				89FED84C284F47B82DE1BD43 /* [CP] Embed Pods Frameworks */,
			);
			buildRules = (
			);
			dependencies = (
			);
			name = TinderApp;
			packageProductDependencies = (
				FB66DA382A836E2F00F8A801 /* JGProgressHUD */,
			);
			productName = TinderApp;
			productReference = FB66DA112A8364E000F8A801 /* TinderApp.app */;
			productType = "com.apple.product-type.application";
		};
/* End PBXNativeTarget section */

/* Begin PBXProject section */
		FB66DA092A8364E000F8A801 /* Project object */ = {
			isa = PBXProject;
			attributes = {
				BuildIndependentTargetsInParallel = 1;
				LastSwiftUpdateCheck = 1430;
				LastUpgradeCheck = 1430;
				TargetAttributes = {
					FB66DA102A8364E000F8A801 = {
						CreatedOnToolsVersion = 14.3.1;
					};
				};
			};
			buildConfigurationList = FB66DA0C2A8364E000F8A801 /* Build configuration list for PBXProject "TinderApp" */;
			compatibilityVersion = "Xcode 13.0";
			developmentRegion = en;
			hasScannedForEncodings = 0;
			knownRegions = (
				en,
				Base,
			);
			mainGroup = FB66DA082A8364E000F8A801;
			packageReferences = (
				FB66DA372A836E2F00F8A801 /* XCRemoteSwiftPackageReference "JGProgressHUD" */,
			);
			productRefGroup = FB66DA122A8364E000F8A801 /* Products */;
			projectDirPath = "";
			projectRoot = "";
			targets = (
				FB66DA102A8364E000F8A801 /* TinderApp */,
			);
		};
/* End PBXProject section */

/* Begin PBXResourcesBuildPhase section */
		FB66DA0F2A8364E000F8A801 /* Resources */ = {
			isa = PBXResourcesBuildPhase;
			buildActionMask = 2147483647;
			files = (
				FB66DA212A8364E100F8A801 /* LaunchScreen.storyboard in Resources */,
				FB15E0252AA26EFC00E30BE7 /* GoogleService-Info.plist in Resources */,
				FB66DA342A836DB400F8A801 /* Assets.xcassets in Resources */,
				FB66DA1C2A8364E000F8A801 /* Main.storyboard in Resources */,
			);
			runOnlyForDeploymentPostprocessing = 0;
		};
/* End PBXResourcesBuildPhase section */

/* Begin PBXShellScriptBuildPhase section */
		717ADE369E58A7B599E089C4 /* [CP] Check Pods Manifest.lock */ = {
			isa = PBXShellScriptBuildPhase;
			buildActionMask = 2147483647;
			files = (
			);
			inputFileListPaths = (
			);
			inputPaths = (
				"${PODS_PODFILE_DIR_PATH}/Podfile.lock",
				"${PODS_ROOT}/Manifest.lock",
			);
			name = "[CP] Check Pods Manifest.lock";
			outputFileListPaths = (
			);
			outputPaths = (
				"$(DERIVED_FILE_DIR)/Pods-TinderApp-checkManifestLockResult.txt",
			);
			runOnlyForDeploymentPostprocessing = 0;
			shellPath = /bin/sh;
			shellScript = "diff \"${PODS_PODFILE_DIR_PATH}/Podfile.lock\" \"${PODS_ROOT}/Manifest.lock\" > /dev/null\nif [ $? != 0 ] ; then\n    # print error to STDERR\n    echo \"error: The sandbox is not in sync with the Podfile.lock. Run 'pod install' or update your CocoaPods installation.\" >&2\n    exit 1\nfi\n# This output is used by Xcode 'outputs' to avoid re-running this script phase.\necho \"SUCCESS\" > \"${SCRIPT_OUTPUT_FILE_0}\"\n";
			showEnvVarsInLog = 0;
		};
		89FED84C284F47B82DE1BD43 /* [CP] Embed Pods Frameworks */ = {
			isa = PBXShellScriptBuildPhase;
			buildActionMask = 2147483647;
			files = (
			);
			inputFileListPaths = (
				"${PODS_ROOT}/Target Support Files/Pods-TinderApp/Pods-TinderApp-frameworks-${CONFIGURATION}-input-files.xcfilelist",
			);
			name = "[CP] Embed Pods Frameworks";
			outputFileListPaths = (
				"${PODS_ROOT}/Target Support Files/Pods-TinderApp/Pods-TinderApp-frameworks-${CONFIGURATION}-output-files.xcfilelist",
			);
			runOnlyForDeploymentPostprocessing = 0;
			shellPath = /bin/sh;
			shellScript = "\"${PODS_ROOT}/Target Support Files/Pods-TinderApp/Pods-TinderApp-frameworks.sh\"\n";
			showEnvVarsInLog = 0;
		};
/* End PBXShellScriptBuildPhase section */

/* Begin PBXSourcesBuildPhase section */
		FB66DA0D2A8364E000F8A801 /* Sources */ = {
			isa = PBXSourcesBuildPhase;
			buildActionMask = 2147483647;
			files = (
				FB77A4362A98F04B00510A8D /* LoginController.swift in Sources */,
				FB15E02B2AA2971200E30BE7 /* Constants.swift in Sources */,
				FB0076F82A9BF6E500B61C5E /* RegisterController.swift in Sources */,
				FB0076F62A9BF5F400B61C5E /* AuthButton.swift in Sources */,
				FB77A4382A98F0A700510A8D /* CustomTextField.swift in Sources */,
				FB66DA3F2A83790B00F8A801 /* CardView.swift in Sources */,
				FB0076FC2A9BFD0900B61C5E /* AuthViewModel.swift in Sources */,
				FB66DA3D2A83729400F8A801 /* BottomControlsStackView.swift in Sources */,
				FB66DA3B2A836E8200F8A801 /* HomeNavStackView.swift in Sources */,
				FB66DA152A8364E000F8A801 /* AppDelegate.swift in Sources */,
				FB15E0292AA2791900E30BE7 /* Service.swift in Sources */,
				FB77A4312A98D4A100510A8D /* User.swift in Sources */,
				FB66DA172A8364E000F8A801 /* SceneDelegate.swift in Sources */,
				FB66DA302A836C0800F8A801 /* HomeController.swift in Sources */,
				FB0884232AA3A95A00CA012E /* SettingsCell.swift in Sources */,
				FB15E0272AA2791100E30BE7 /* AuthService.swift in Sources */,
				FB66DA362A836E0B00F8A801 /* Extensions.swift in Sources */,
				FB77A4332A98D5E700510A8D /* CardViewModel.swift in Sources */,
				FB08841F2AA36F8200CA012E /* SettingsViewController.swift in Sources */,
				FB0884212AA377B400CA012E /* SettingsHeader.swift in Sources */,
				FB0884252AA3A9DC00CA012E /* SettingsViewModel.swift in Sources */,
			);
			runOnlyForDeploymentPostprocessing = 0;
		};
/* End PBXSourcesBuildPhase section */

/* Begin PBXVariantGroup section */
		FB66DA1A2A8364E000F8A801 /* Main.storyboard */ = {
			isa = PBXVariantGroup;
			children = (
				FB66DA1B2A8364E000F8A801 /* Base */,
			);
			name = Main.storyboard;
			sourceTree = "<group>";
		};
		FB66DA1F2A8364E100F8A801 /* LaunchScreen.storyboard */ = {
			isa = PBXVariantGroup;
			children = (
				FB66DA202A8364E100F8A801 /* Base */,
			);
			name = LaunchScreen.storyboard;
			sourceTree = "<group>";
		};
/* End PBXVariantGroup section */

/* Begin XCBuildConfiguration section */
		FB66DA232A8364E100F8A801 /* Debug */ = {
			isa = XCBuildConfiguration;
			buildSettings = {
				ALWAYS_SEARCH_USER_PATHS = NO;
				CLANG_ANALYZER_NONNULL = YES;
				CLANG_ANALYZER_NUMBER_OBJECT_CONVERSION = YES_AGGRESSIVE;
				CLANG_CXX_LANGUAGE_STANDARD = "gnu++20";
				CLANG_ENABLE_MODULES = YES;
				CLANG_ENABLE_OBJC_ARC = YES;
				CLANG_ENABLE_OBJC_WEAK = YES;
				CLANG_WARN_BLOCK_CAPTURE_AUTORELEASING = YES;
				CLANG_WARN_BOOL_CONVERSION = YES;
				CLANG_WARN_COMMA = YES;
				CLANG_WARN_CONSTANT_CONVERSION = YES;
				CLANG_WARN_DEPRECATED_OBJC_IMPLEMENTATIONS = YES;
				CLANG_WARN_DIRECT_OBJC_ISA_USAGE = YES_ERROR;
				CLANG_WARN_DOCUMENTATION_COMMENTS = YES;
				CLANG_WARN_EMPTY_BODY = YES;
				CLANG_WARN_ENUM_CONVERSION = YES;
				CLANG_WARN_INFINITE_RECURSION = YES;
				CLANG_WARN_INT_CONVERSION = YES;
				CLANG_WARN_NON_LITERAL_NULL_CONVERSION = YES;
				CLANG_WARN_OBJC_IMPLICIT_RETAIN_SELF = YES;
				CLANG_WARN_OBJC_LITERAL_CONVERSION = YES;
				CLANG_WARN_OBJC_ROOT_CLASS = YES_ERROR;
				CLANG_WARN_QUOTED_INCLUDE_IN_FRAMEWORK_HEADER = YES;
				CLANG_WARN_RANGE_LOOP_ANALYSIS = YES;
				CLANG_WARN_STRICT_PROTOTYPES = YES;
				CLANG_WARN_SUSPICIOUS_MOVE = YES;
				CLANG_WARN_UNGUARDED_AVAILABILITY = YES_AGGRESSIVE;
				CLANG_WARN_UNREACHABLE_CODE = YES;
				CLANG_WARN__DUPLICATE_METHOD_MATCH = YES;
				COPY_PHASE_STRIP = NO;
				DEBUG_INFORMATION_FORMAT = dwarf;
				ENABLE_STRICT_OBJC_MSGSEND = YES;
				ENABLE_TESTABILITY = YES;
				GCC_C_LANGUAGE_STANDARD = gnu11;
				GCC_DYNAMIC_NO_PIC = NO;
				GCC_NO_COMMON_BLOCKS = YES;
				GCC_OPTIMIZATION_LEVEL = 0;
				GCC_PREPROCESSOR_DEFINITIONS = (
					"DEBUG=1",
					"$(inherited)",
				);
				GCC_WARN_64_TO_32_BIT_CONVERSION = YES;
				GCC_WARN_ABOUT_RETURN_TYPE = YES_ERROR;
				GCC_WARN_UNDECLARED_SELECTOR = YES;
				GCC_WARN_UNINITIALIZED_AUTOS = YES_AGGRESSIVE;
				GCC_WARN_UNUSED_FUNCTION = YES;
				GCC_WARN_UNUSED_VARIABLE = YES;
				IPHONEOS_DEPLOYMENT_TARGET = 14.0;
				MTL_ENABLE_DEBUG_INFO = INCLUDE_SOURCE;
				MTL_FAST_MATH = YES;
				ONLY_ACTIVE_ARCH = YES;
				SDKROOT = iphoneos;
				SWIFT_ACTIVE_COMPILATION_CONDITIONS = DEBUG;
				SWIFT_OPTIMIZATION_LEVEL = "-Onone";
			};
			name = Debug;
		};
		FB66DA242A8364E100F8A801 /* Release */ = {
			isa = XCBuildConfiguration;
			buildSettings = {
				ALWAYS_SEARCH_USER_PATHS = NO;
				CLANG_ANALYZER_NONNULL = YES;
				CLANG_ANALYZER_NUMBER_OBJECT_CONVERSION = YES_AGGRESSIVE;
				CLANG_CXX_LANGUAGE_STANDARD = "gnu++20";
				CLANG_ENABLE_MODULES = YES;
				CLANG_ENABLE_OBJC_ARC = YES;
				CLANG_ENABLE_OBJC_WEAK = YES;
				CLANG_WARN_BLOCK_CAPTURE_AUTORELEASING = YES;
				CLANG_WARN_BOOL_CONVERSION = YES;
				CLANG_WARN_COMMA = YES;
				CLANG_WARN_CONSTANT_CONVERSION = YES;
				CLANG_WARN_DEPRECATED_OBJC_IMPLEMENTATIONS = YES;
				CLANG_WARN_DIRECT_OBJC_ISA_USAGE = YES_ERROR;
				CLANG_WARN_DOCUMENTATION_COMMENTS = YES;
				CLANG_WARN_EMPTY_BODY = YES;
				CLANG_WARN_ENUM_CONVERSION = YES;
				CLANG_WARN_INFINITE_RECURSION = YES;
				CLANG_WARN_INT_CONVERSION = YES;
				CLANG_WARN_NON_LITERAL_NULL_CONVERSION = YES;
				CLANG_WARN_OBJC_IMPLICIT_RETAIN_SELF = YES;
				CLANG_WARN_OBJC_LITERAL_CONVERSION = YES;
				CLANG_WARN_OBJC_ROOT_CLASS = YES_ERROR;
				CLANG_WARN_QUOTED_INCLUDE_IN_FRAMEWORK_HEADER = YES;
				CLANG_WARN_RANGE_LOOP_ANALYSIS = YES;
				CLANG_WARN_STRICT_PROTOTYPES = YES;
				CLANG_WARN_SUSPICIOUS_MOVE = YES;
				CLANG_WARN_UNGUARDED_AVAILABILITY = YES_AGGRESSIVE;
				CLANG_WARN_UNREACHABLE_CODE = YES;
				CLANG_WARN__DUPLICATE_METHOD_MATCH = YES;
				COPY_PHASE_STRIP = NO;
				DEBUG_INFORMATION_FORMAT = "dwarf-with-dsym";
				ENABLE_NS_ASSERTIONS = NO;
				ENABLE_STRICT_OBJC_MSGSEND = YES;
				GCC_C_LANGUAGE_STANDARD = gnu11;
				GCC_NO_COMMON_BLOCKS = YES;
				GCC_WARN_64_TO_32_BIT_CONVERSION = YES;
				GCC_WARN_ABOUT_RETURN_TYPE = YES_ERROR;
				GCC_WARN_UNDECLARED_SELECTOR = YES;
				GCC_WARN_UNINITIALIZED_AUTOS = YES_AGGRESSIVE;
				GCC_WARN_UNUSED_FUNCTION = YES;
				GCC_WARN_UNUSED_VARIABLE = YES;
				IPHONEOS_DEPLOYMENT_TARGET = 14.0;
				MTL_ENABLE_DEBUG_INFO = NO;
				MTL_FAST_MATH = YES;
				SDKROOT = iphoneos;
				SWIFT_COMPILATION_MODE = wholemodule;
				SWIFT_OPTIMIZATION_LEVEL = "-O";
				VALIDATE_PRODUCT = YES;
			};
			name = Release;
		};
		FB66DA262A8364E100F8A801 /* Debug */ = {
			isa = XCBuildConfiguration;
			baseConfigurationReference = E377D1CD1894C87126F3DFAA /* Pods-TinderApp.debug.xcconfig */;
			buildSettings = {
				ASSETCATALOG_COMPILER_APPICON_NAME = AppIcon;
				ASSETCATALOG_COMPILER_GLOBAL_ACCENT_COLOR_NAME = AccentColor;
				CODE_SIGN_STYLE = Automatic;
				CURRENT_PROJECT_VERSION = 1;
				DEVELOPMENT_TEAM = A94ZNMJSTF;
				GENERATE_INFOPLIST_FILE = YES;
				INFOPLIST_FILE = TinderApp/Info.plist;
				INFOPLIST_KEY_NSPhotoLibraryUsageDescription = "";
				INFOPLIST_KEY_UIApplicationSupportsIndirectInputEvents = YES;
				INFOPLIST_KEY_UILaunchStoryboardName = LaunchScreen;
				INFOPLIST_KEY_UIMainStoryboardFile = Main;
				INFOPLIST_KEY_UISupportedInterfaceOrientations = UIInterfaceOrientationPortrait;
				INFOPLIST_KEY_UISupportedInterfaceOrientations_iPad = "UIInterfaceOrientationLandscapeLeft UIInterfaceOrientationLandscapeRight UIInterfaceOrientationPortrait UIInterfaceOrientationPortraitUpsideDown";
				IPHONEOS_DEPLOYMENT_TARGET = 14.0;
				LD_RUNPATH_SEARCH_PATHS = (
					"$(inherited)",
					"@executable_path/Frameworks",
				);
				MARKETING_VERSION = 1.0;
				PRODUCT_BUNDLE_IDENTIFIER = com.muratala.TinderApp;
				PRODUCT_NAME = "$(TARGET_NAME)";
				SWIFT_EMIT_LOC_STRINGS = YES;
				SWIFT_VERSION = 5.0;
				TARGETED_DEVICE_FAMILY = "1,2";
			};
			name = Debug;
		};
		FB66DA272A8364E100F8A801 /* Release */ = {
			isa = XCBuildConfiguration;
			baseConfigurationReference = D0C0132147F5354771268835 /* Pods-TinderApp.release.xcconfig */;
			buildSettings = {
				ASSETCATALOG_COMPILER_APPICON_NAME = AppIcon;
				ASSETCATALOG_COMPILER_GLOBAL_ACCENT_COLOR_NAME = AccentColor;
				CODE_SIGN_STYLE = Automatic;
				CURRENT_PROJECT_VERSION = 1;
				DEVELOPMENT_TEAM = A94ZNMJSTF;
				GENERATE_INFOPLIST_FILE = YES;
				INFOPLIST_FILE = TinderApp/Info.plist;
				INFOPLIST_KEY_NSPhotoLibraryUsageDescription = "";
				INFOPLIST_KEY_UIApplicationSupportsIndirectInputEvents = YES;
				INFOPLIST_KEY_UILaunchStoryboardName = LaunchScreen;
				INFOPLIST_KEY_UIMainStoryboardFile = Main;
				INFOPLIST_KEY_UISupportedInterfaceOrientations = UIInterfaceOrientationPortrait;
				INFOPLIST_KEY_UISupportedInterfaceOrientations_iPad = "UIInterfaceOrientationLandscapeLeft UIInterfaceOrientationLandscapeRight UIInterfaceOrientationPortrait UIInterfaceOrientationPortraitUpsideDown";
				IPHONEOS_DEPLOYMENT_TARGET = 14.0;
				LD_RUNPATH_SEARCH_PATHS = (
					"$(inherited)",
					"@executable_path/Frameworks",
				);
				MARKETING_VERSION = 1.0;
				PRODUCT_BUNDLE_IDENTIFIER = com.muratala.TinderApp;
				PRODUCT_NAME = "$(TARGET_NAME)";
				SWIFT_EMIT_LOC_STRINGS = YES;
				SWIFT_VERSION = 5.0;
				TARGETED_DEVICE_FAMILY = "1,2";
			};
			name = Release;
		};
/* End XCBuildConfiguration section */

/* Begin XCConfigurationList section */
		FB66DA0C2A8364E000F8A801 /* Build configuration list for PBXProject "TinderApp" */ = {
			isa = XCConfigurationList;
			buildConfigurations = (
				FB66DA232A8364E100F8A801 /* Debug */,
				FB66DA242A8364E100F8A801 /* Release */,
			);
			defaultConfigurationIsVisible = 0;
			defaultConfigurationName = Release;
		};
		FB66DA252A8364E100F8A801 /* Build configuration list for PBXNativeTarget "TinderApp" */ = {
			isa = XCConfigurationList;
			buildConfigurations = (
				FB66DA262A8364E100F8A801 /* Debug */,
				FB66DA272A8364E100F8A801 /* Release */,
			);
			defaultConfigurationIsVisible = 0;
			defaultConfigurationName = Release;
		};
/* End XCConfigurationList section */

/* Begin XCRemoteSwiftPackageReference section */
		FB66DA372A836E2F00F8A801 /* XCRemoteSwiftPackageReference "JGProgressHUD" */ = {
			isa = XCRemoteSwiftPackageReference;
			repositoryURL = "https://github.com/JonasGessner/JGProgressHUD";
			requirement = {
				kind = upToNextMajorVersion;
				minimumVersion = 2.0.0;
			};
		};
/* End XCRemoteSwiftPackageReference section */

/* Begin XCSwiftPackageProductDependency section */
		FB66DA382A836E2F00F8A801 /* JGProgressHUD */ = {
			isa = XCSwiftPackageProductDependency;
			package = FB66DA372A836E2F00F8A801 /* XCRemoteSwiftPackageReference "JGProgressHUD" */;
			productName = JGProgressHUD;
		};
/* End XCSwiftPackageProductDependency section */
	};
	rootObject = FB66DA092A8364E000F8A801 /* Project object */;
}
